
Microsoft Visual Studio Solution File, Format Version 12.00
# Visual Studio Version 17
VisualStudioVersion = 17.13.35931.197 d17.13
MinimumVisualStudioVersion = 10.0.40219.1
Project("{FAE04EC0-301F-11D3-BF4B-00C04F79EFBC}") = "TaskApi", "TaskApi\TaskApi.csproj", "{C3875DEE-7CDD-462E-8DE2-6FE3963816B1}"
EndProject
Global
	GlobalSection(SolutionConfigurationPlatforms) = preSolution
		Debug|Any CPU = Debug|Any CPU
		Release|Any CPU = Release|Any CPU
	EndGlobalSection
	GlobalSection(ProjectConfigurationPlatforms) = postSolution
		{C3875DEE-7CDD-462E-8DE2-6FE3963816B1}.Debug|Any CPU.ActiveCfg = Debug|Any CPU
		{C3875DEE-7CDD-462E-8DE2-6FE3963816B1}.Debug|Any CPU.Build.0 = Debug|Any CPU
		{C3875DEE-7CDD-462E-8DE2-6FE3963816B1}.Release|Any CPU.ActiveCfg = Release|Any CPU
		{C3875DEE-7CDD-462E-8DE2-6FE3963816B1}.Release|Any CPU.Build.0 = Release|Any CPU
	EndGlobalSection
	GlobalSection(SolutionProperties) = preSolution
		HideSolutionNode = FALSE
	EndGlobalSection
	GlobalSection(ExtensibilityGlobals) = postSolution
		SolutionGuid = {BB582B1F-D389-4B4B-9833-612BC176D033}
	EndGlobalSection
EndGlobal
